
Microsoft Visual Studio Solution File, Format Version 12.00
# Visual Studio Version 17
VisualStudioVersion = 17.7.34003.232
MinimumVisualStudioVersion = 10.0.40219.1
Project("{FAE04EC0-301F-11D3-BF4B-00C04F79EFBC}") = "ProyectoBackend", "ProyectoBackend.csproj", "{BE551213-A6D8-40F5-8D58-99E924C3E6FF}"
EndProject
Global
	GlobalSection(SolutionConfigurationPlatforms) = preSolution
		Debug|Any CPU = Debug|Any CPU
		Release|Any CPU = Release|Any CPU
	EndGlobalSection
	GlobalSection(ProjectConfigurationPlatforms) = postSolution
		{BE551213-A6D8-40F5-8D58-99E924C3E6FF}.Debug|Any CPU.ActiveCfg = Debug|Any CPU
		{BE551213-A6D8-40F5-8D58-99E924C3E6FF}.Debug|Any CPU.Build.0 = Debug|Any CPU
		{BE551213-A6D8-40F5-8D58-99E924C3E6FF}.Release|Any CPU.ActiveCfg = Release|Any CPU
		{BE551213-A6D8-40F5-8D58-99E924C3E6FF}.Release|Any CPU.Build.0 = Release|Any CPU
	EndGlobalSection
	GlobalSection(SolutionProperties) = preSolution
		HideSolutionNode = FALSE
	EndGlobalSection
	GlobalSection(ExtensibilityGlobals) = postSolution
		SolutionGuid = {7DF170FD-C50B-476E-9981-F90D40626C7E}
	EndGlobalSection
EndGlobal
